
Microsoft Visual Studio Solution File, Format Version 12.00
# Visual Studio Version 17
VisualStudioVersion = 17.0.31903.59
MinimumVisualStudioVersion = 10.0.40219.1
Project("{2150E333-8FDC-42A3-9474-1A3956D46DE8}") = "src", "src", "{41E8A23F-9FA3-4276-9EA7-C649F9C92D41}"
EndProject
Project("{FAE04EC0-301F-11D3-BF4B-00C04F79EFBC}") = "MessengerAPI.Application", "src\MessengerAPI.Application\MessengerAPI.Application.csproj", "{AED67A5D-7B95-4DA0-9F65-B952DEB76E5F}"
EndProject
Project("{FAE04EC0-301F-11D3-BF4B-00C04F79EFBC}") = "MessengerAPI.Domain", "src\MessengerAPI.Domain\MessengerAPI.Domain.csproj", "{94AB2156-A9CC-4647-9FC2-A89813454296}"
EndProject
Project("{FAE04EC0-301F-11D3-BF4B-00C04F79EFBC}") = "MessengerAPI.Infrastructure", "src\MessengerAPI.Infrastructure\MessengerAPI.Infrastructure.csproj", "{3B274DD4-0564-49FF-A887-EE082ECB34C6}"
EndProject
Project("{FAE04EC0-301F-11D3-BF4B-00C04F79EFBC}") = "MessengerAPI.Presentation", "src\MessengerAPI.Presentation\MessengerAPI.Presentation.csproj", "{49BB959B-2C44-42DF-A4C7-98108F7B4FE3}"
EndProject
Project("{FAE04EC0-301F-11D3-BF4B-00C04F79EFBC}") = "MessengerAPI.Contracts", "src\MessengerAPI.Contracts\MessengerAPI.Contracts.csproj", "{82AE1EF4-1E3D-4E42-8F74-BE72240D7446}"
EndProject
Global
	GlobalSection(SolutionConfigurationPlatforms) = preSolution
		Debug|Any CPU = Debug|Any CPU
		Release|Any CPU = Release|Any CPU
	EndGlobalSection
	GlobalSection(SolutionProperties) = preSolution
		HideSolutionNode = FALSE
	EndGlobalSection
	GlobalSection(ProjectConfigurationPlatforms) = postSolution
		{AED67A5D-7B95-4DA0-9F65-B952DEB76E5F}.Debug|Any CPU.ActiveCfg = Debug|Any CPU
		{AED67A5D-7B95-4DA0-9F65-B952DEB76E5F}.Debug|Any CPU.Build.0 = Debug|Any CPU
		{AED67A5D-7B95-4DA0-9F65-B952DEB76E5F}.Release|Any CPU.ActiveCfg = Release|Any CPU
		{AED67A5D-7B95-4DA0-9F65-B952DEB76E5F}.Release|Any CPU.Build.0 = Release|Any CPU
		{94AB2156-A9CC-4647-9FC2-A89813454296}.Debug|Any CPU.ActiveCfg = Debug|Any CPU
		{94AB2156-A9CC-4647-9FC2-A89813454296}.Debug|Any CPU.Build.0 = Debug|Any CPU
		{94AB2156-A9CC-4647-9FC2-A89813454296}.Release|Any CPU.ActiveCfg = Release|Any CPU
		{94AB2156-A9CC-4647-9FC2-A89813454296}.Release|Any CPU.Build.0 = Release|Any CPU
		{3B274DD4-0564-49FF-A887-EE082ECB34C6}.Debug|Any CPU.ActiveCfg = Debug|Any CPU
		{3B274DD4-0564-49FF-A887-EE082ECB34C6}.Debug|Any CPU.Build.0 = Debug|Any CPU
		{3B274DD4-0564-49FF-A887-EE082ECB34C6}.Release|Any CPU.ActiveCfg = Release|Any CPU
		{3B274DD4-0564-49FF-A887-EE082ECB34C6}.Release|Any CPU.Build.0 = Release|Any CPU
		{49BB959B-2C44-42DF-A4C7-98108F7B4FE3}.Debug|Any CPU.ActiveCfg = Debug|Any CPU
		{49BB959B-2C44-42DF-A4C7-98108F7B4FE3}.Debug|Any CPU.Build.0 = Debug|Any CPU
		{49BB959B-2C44-42DF-A4C7-98108F7B4FE3}.Release|Any CPU.ActiveCfg = Release|Any CPU
		{49BB959B-2C44-42DF-A4C7-98108F7B4FE3}.Release|Any CPU.Build.0 = Release|Any CPU
		{82AE1EF4-1E3D-4E42-8F74-BE72240D7446}.Debug|Any CPU.ActiveCfg = Debug|Any CPU
		{82AE1EF4-1E3D-4E42-8F74-BE72240D7446}.Debug|Any CPU.Build.0 = Debug|Any CPU
		{82AE1EF4-1E3D-4E42-8F74-BE72240D7446}.Release|Any CPU.ActiveCfg = Release|Any CPU
		{82AE1EF4-1E3D-4E42-8F74-BE72240D7446}.Release|Any CPU.Build.0 = Release|Any CPU
	EndGlobalSection
	GlobalSection(NestedProjects) = preSolution
		{AED67A5D-7B95-4DA0-9F65-B952DEB76E5F} = {41E8A23F-9FA3-4276-9EA7-C649F9C92D41}
		{94AB2156-A9CC-4647-9FC2-A89813454296} = {41E8A23F-9FA3-4276-9EA7-C649F9C92D41}
		{3B274DD4-0564-49FF-A887-EE082ECB34C6} = {41E8A23F-9FA3-4276-9EA7-C649F9C92D41}
		{49BB959B-2C44-42DF-A4C7-98108F7B4FE3} = {41E8A23F-9FA3-4276-9EA7-C649F9C92D41}
		{82AE1EF4-1E3D-4E42-8F74-BE72240D7446} = {41E8A23F-9FA3-4276-9EA7-C649F9C92D41}
	EndGlobalSection
EndGlobal
