
Microsoft Visual Studio Solution File, Format Version 12.00
# Visual Studio Version 17
VisualStudioVersion = 17.0.31903.59
MinimumVisualStudioVersion = 10.0.40219.1
Project("{2150E333-8FDC-42A3-9474-1A3956D46DE8}") = "src", "src", "{1BA1113F-0541-4179-85B8-D48AB2F7B9B9}"
EndProject
Project("{2150E333-8FDC-42A3-9474-1A3956D46DE8}") = "Messenger", "Messenger", "{4615CAF8-C7CC-4D24-AB45-E7350A6AD69C}"
EndProject
Project("{FAE04EC0-301F-11D3-BF4B-00C04F79EFBC}") = "Messenger.Application", "src\Messenger\Application\Messenger.Application.csproj", "{8AE3769D-18C1-4F38-B4EC-E689C3C87BB0}"
EndProject
Project("{FAE04EC0-301F-11D3-BF4B-00C04F79EFBC}") = "Messenger.Contracts", "src\Messenger\Contracts\Messenger.Contracts.csproj", "{033F20E6-43BF-4663-8F55-A12717517417}"
EndProject
Project("{FAE04EC0-301F-11D3-BF4B-00C04F79EFBC}") = "Messenger.Core", "src\Messenger\Core\Messenger.Core.csproj", "{329C570F-33CE-49E2-BE87-5C9D6FDC71B7}"
EndProject
Project("{2150E333-8FDC-42A3-9474-1A3956D46DE8}") = "Data", "Data", "{480D73A9-B6DE-4870-9189-72E495BCCE40}"
EndProject
Project("{FAE04EC0-301F-11D3-BF4B-00C04F79EFBC}") = "Messenger.Data.Scylla", "src\Messenger\Data\Scylla\Messenger.Data.Scylla.csproj", "{6A0E9AE1-94BD-43FA-ACA8-D9A1321833F4}"
EndProject
Project("{FAE04EC0-301F-11D3-BF4B-00C04F79EFBC}") = "Messenger.Domain", "src\Messenger\Domain\Messenger.Domain.csproj", "{7B53DE3D-B554-4018-B9CA-975E3C92F0D8}"
EndProject
Project("{FAE04EC0-301F-11D3-BF4B-00C04F79EFBC}") = "Messenger.Errors", "src\Messenger\Errors\Messenger.Errors.csproj", "{21ACE9A8-46AD-4589-B95F-EC3916556C5D}"
EndProject
Project("{FAE04EC0-301F-11D3-BF4B-00C04F79EFBC}") = "Messenger.Gateway", "src\Messenger\Gateway\Messenger.Gateway.csproj", "{F790D703-ED99-429B-931E-9486B7E9C2DA}"
EndProject
Project("{FAE04EC0-301F-11D3-BF4B-00C04F79EFBC}") = "Messenger.Infrastructure", "src\Messenger\Infrastructure\Messenger.Infrastructure.csproj", "{805F1FA9-017A-42FC-8688-7FE690520A2B}"
EndProject
Project("{FAE04EC0-301F-11D3-BF4B-00C04F79EFBC}") = "Messenger.Options", "src\Messenger\Options\Messenger.Options.csproj", "{4706FD72-81C4-4038-BBC8-B12D4C1937FB}"
EndProject
Project("{FAE04EC0-301F-11D3-BF4B-00C04F79EFBC}") = "Messenger.Presentation", "src\Messenger\Presentation\Messenger.Presentation.csproj", "{7F61AC66-66B2-4996-A790-4BB13A92E3C0}"
EndProject
Global
	GlobalSection(SolutionConfigurationPlatforms) = preSolution
		Debug|Any CPU = Debug|Any CPU
		Release|Any CPU = Release|Any CPU
	EndGlobalSection
	GlobalSection(SolutionProperties) = preSolution
		HideSolutionNode = FALSE
	EndGlobalSection
	GlobalSection(ProjectConfigurationPlatforms) = postSolution
		{8AE3769D-18C1-4F38-B4EC-E689C3C87BB0}.Debug|Any CPU.ActiveCfg = Debug|Any CPU
		{8AE3769D-18C1-4F38-B4EC-E689C3C87BB0}.Debug|Any CPU.Build.0 = Debug|Any CPU
		{8AE3769D-18C1-4F38-B4EC-E689C3C87BB0}.Release|Any CPU.ActiveCfg = Release|Any CPU
		{8AE3769D-18C1-4F38-B4EC-E689C3C87BB0}.Release|Any CPU.Build.0 = Release|Any CPU
		{033F20E6-43BF-4663-8F55-A12717517417}.Debug|Any CPU.ActiveCfg = Debug|Any CPU
		{033F20E6-43BF-4663-8F55-A12717517417}.Debug|Any CPU.Build.0 = Debug|Any CPU
		{033F20E6-43BF-4663-8F55-A12717517417}.Release|Any CPU.ActiveCfg = Release|Any CPU
		{033F20E6-43BF-4663-8F55-A12717517417}.Release|Any CPU.Build.0 = Release|Any CPU
		{329C570F-33CE-49E2-BE87-5C9D6FDC71B7}.Debug|Any CPU.ActiveCfg = Debug|Any CPU
		{329C570F-33CE-49E2-BE87-5C9D6FDC71B7}.Debug|Any CPU.Build.0 = Debug|Any CPU
		{329C570F-33CE-49E2-BE87-5C9D6FDC71B7}.Release|Any CPU.ActiveCfg = Release|Any CPU
		{329C570F-33CE-49E2-BE87-5C9D6FDC71B7}.Release|Any CPU.Build.0 = Release|Any CPU
		{6A0E9AE1-94BD-43FA-ACA8-D9A1321833F4}.Debug|Any CPU.ActiveCfg = Debug|Any CPU
		{6A0E9AE1-94BD-43FA-ACA8-D9A1321833F4}.Debug|Any CPU.Build.0 = Debug|Any CPU
		{6A0E9AE1-94BD-43FA-ACA8-D9A1321833F4}.Release|Any CPU.ActiveCfg = Release|Any CPU
		{6A0E9AE1-94BD-43FA-ACA8-D9A1321833F4}.Release|Any CPU.Build.0 = Release|Any CPU
		{7B53DE3D-B554-4018-B9CA-975E3C92F0D8}.Debug|Any CPU.ActiveCfg = Debug|Any CPU
		{7B53DE3D-B554-4018-B9CA-975E3C92F0D8}.Debug|Any CPU.Build.0 = Debug|Any CPU
		{7B53DE3D-B554-4018-B9CA-975E3C92F0D8}.Release|Any CPU.ActiveCfg = Release|Any CPU
		{7B53DE3D-B554-4018-B9CA-975E3C92F0D8}.Release|Any CPU.Build.0 = Release|Any CPU
		{21ACE9A8-46AD-4589-B95F-EC3916556C5D}.Debug|Any CPU.ActiveCfg = Debug|Any CPU
		{21ACE9A8-46AD-4589-B95F-EC3916556C5D}.Debug|Any CPU.Build.0 = Debug|Any CPU
		{21ACE9A8-46AD-4589-B95F-EC3916556C5D}.Release|Any CPU.ActiveCfg = Release|Any CPU
		{21ACE9A8-46AD-4589-B95F-EC3916556C5D}.Release|Any CPU.Build.0 = Release|Any CPU
		{F790D703-ED99-429B-931E-9486B7E9C2DA}.Debug|Any CPU.ActiveCfg = Debug|Any CPU
		{F790D703-ED99-429B-931E-9486B7E9C2DA}.Debug|Any CPU.Build.0 = Debug|Any CPU
		{F790D703-ED99-429B-931E-9486B7E9C2DA}.Release|Any CPU.ActiveCfg = Release|Any CPU
		{F790D703-ED99-429B-931E-9486B7E9C2DA}.Release|Any CPU.Build.0 = Release|Any CPU
		{805F1FA9-017A-42FC-8688-7FE690520A2B}.Debug|Any CPU.ActiveCfg = Debug|Any CPU
		{805F1FA9-017A-42FC-8688-7FE690520A2B}.Debug|Any CPU.Build.0 = Debug|Any CPU
		{805F1FA9-017A-42FC-8688-7FE690520A2B}.Release|Any CPU.ActiveCfg = Release|Any CPU
		{805F1FA9-017A-42FC-8688-7FE690520A2B}.Release|Any CPU.Build.0 = Release|Any CPU
		{4706FD72-81C4-4038-BBC8-B12D4C1937FB}.Debug|Any CPU.ActiveCfg = Debug|Any CPU
		{4706FD72-81C4-4038-BBC8-B12D4C1937FB}.Debug|Any CPU.Build.0 = Debug|Any CPU
		{4706FD72-81C4-4038-BBC8-B12D4C1937FB}.Release|Any CPU.ActiveCfg = Release|Any CPU
		{4706FD72-81C4-4038-BBC8-B12D4C1937FB}.Release|Any CPU.Build.0 = Release|Any CPU
		{7F61AC66-66B2-4996-A790-4BB13A92E3C0}.Debug|Any CPU.ActiveCfg = Debug|Any CPU
		{7F61AC66-66B2-4996-A790-4BB13A92E3C0}.Debug|Any CPU.Build.0 = Debug|Any CPU
		{7F61AC66-66B2-4996-A790-4BB13A92E3C0}.Release|Any CPU.ActiveCfg = Release|Any CPU
		{7F61AC66-66B2-4996-A790-4BB13A92E3C0}.Release|Any CPU.Build.0 = Release|Any CPU
	EndGlobalSection
	GlobalSection(NestedProjects) = preSolution
		{4615CAF8-C7CC-4D24-AB45-E7350A6AD69C} = {1BA1113F-0541-4179-85B8-D48AB2F7B9B9}
		{8AE3769D-18C1-4F38-B4EC-E689C3C87BB0} = {4615CAF8-C7CC-4D24-AB45-E7350A6AD69C}
		{033F20E6-43BF-4663-8F55-A12717517417} = {4615CAF8-C7CC-4D24-AB45-E7350A6AD69C}
		{329C570F-33CE-49E2-BE87-5C9D6FDC71B7} = {4615CAF8-C7CC-4D24-AB45-E7350A6AD69C}
		{480D73A9-B6DE-4870-9189-72E495BCCE40} = {4615CAF8-C7CC-4D24-AB45-E7350A6AD69C}
		{6A0E9AE1-94BD-43FA-ACA8-D9A1321833F4} = {480D73A9-B6DE-4870-9189-72E495BCCE40}
		{7B53DE3D-B554-4018-B9CA-975E3C92F0D8} = {4615CAF8-C7CC-4D24-AB45-E7350A6AD69C}
		{21ACE9A8-46AD-4589-B95F-EC3916556C5D} = {4615CAF8-C7CC-4D24-AB45-E7350A6AD69C}
		{F790D703-ED99-429B-931E-9486B7E9C2DA} = {4615CAF8-C7CC-4D24-AB45-E7350A6AD69C}
		{805F1FA9-017A-42FC-8688-7FE690520A2B} = {4615CAF8-C7CC-4D24-AB45-E7350A6AD69C}
		{4706FD72-81C4-4038-BBC8-B12D4C1937FB} = {4615CAF8-C7CC-4D24-AB45-E7350A6AD69C}
		{7F61AC66-66B2-4996-A790-4BB13A92E3C0} = {4615CAF8-C7CC-4D24-AB45-E7350A6AD69C}
	EndGlobalSection
EndGlobal
