
Microsoft Visual Studio Solution File, Format Version 12.00
# Visual Studio Version 17
VisualStudioVersion = 17.0.31903.59
MinimumVisualStudioVersion = 10.0.40219.1
Project("{2150E333-8FDC-42A3-9474-1A3956D46DE8}") = "src", "src", "{F23640EF-BF6E-493B-BEB1-1E174CB7F170}"
EndProject
Project("{2150E333-8FDC-42A3-9474-1A3956D46DE8}") = "Messenger", "Messenger", "{F9BA9291-33F9-4929-8CC3-7B533299C987}"
EndProject
Project("{FAE04EC0-301F-11D3-BF4B-00C04F79EFBC}") = "Messenger.Application", "src\Messenger\Application\Messenger.Application.csproj", "{EACABC9E-2B41-4E12-B279-0947AE012993}"
EndProject
Project("{FAE04EC0-301F-11D3-BF4B-00C04F79EFBC}") = "Messenger.Contracts", "src\Messenger\Contracts\Messenger.Contracts.csproj", "{81E6BABA-4DDB-43EC-B6B6-7761F2DAF727}"
EndProject
Project("{FAE04EC0-301F-11D3-BF4B-00C04F79EFBC}") = "Messenger.Core", "src\Messenger\Core\Messenger.Core.csproj", "{792693C3-66DD-4E3B-B9A3-12EFB7ECB88C}"
EndProject
Project("{2150E333-8FDC-42A3-9474-1A3956D46DE8}") = "Data", "Data", "{DA44A210-2D23-4165-9896-9CF388D52C66}"
EndProject
Project("{FAE04EC0-301F-11D3-BF4B-00C04F79EFBC}") = "Messenger.Data.Interfaces", "src\Messenger\Data\Interfaces\Messenger.Data.Interfaces.csproj", "{0F5F171C-7DC8-4B45-96D4-0ED99F91BAEA}"
EndProject
Project("{FAE04EC0-301F-11D3-BF4B-00C04F79EFBC}") = "Messenger.Data.Scylla", "src\Messenger\Data\Scylla\Messenger.Data.Scylla.csproj", "{08EF62D8-8E30-4CE4-B528-767F33255429}"
EndProject
Project("{FAE04EC0-301F-11D3-BF4B-00C04F79EFBC}") = "Messenger.Domain", "src\Messenger\Domain\Messenger.Domain.csproj", "{72F4F476-3BF1-4BB4-A96B-F646E94D0FE8}"
EndProject
Project("{FAE04EC0-301F-11D3-BF4B-00C04F79EFBC}") = "Messenger.Errors", "src\Messenger\Errors\Messenger.Errors.csproj", "{34B50CA2-1F25-44B6-A394-CEE65B101257}"
EndProject
Project("{FAE04EC0-301F-11D3-BF4B-00C04F79EFBC}") = "Messenger.Gateway", "src\Messenger\Gateway\Messenger.Gateway.csproj", "{D8701661-EC73-4AEB-89BC-821C190E04D0}"
EndProject
Project("{FAE04EC0-301F-11D3-BF4B-00C04F79EFBC}") = "Messenger.Infrastructure", "src\Messenger\Infrastructure\Messenger.Infrastructure.csproj", "{7AF626B4-FC82-4E86-A719-7FA44CE9D513}"
EndProject
Project("{FAE04EC0-301F-11D3-BF4B-00C04F79EFBC}") = "Messenger.Presentation", "src\Messenger\Presentation\Messenger.Presentation.csproj", "{8837807E-8CE6-4188-9FB5-3EB5B0306B9F}"
EndProject
Global
	GlobalSection(SolutionConfigurationPlatforms) = preSolution
		Debug|Any CPU = Debug|Any CPU
		Release|Any CPU = Release|Any CPU
	EndGlobalSection
	GlobalSection(SolutionProperties) = preSolution
		HideSolutionNode = FALSE
	EndGlobalSection
	GlobalSection(ProjectConfigurationPlatforms) = postSolution
		{EACABC9E-2B41-4E12-B279-0947AE012993}.Debug|Any CPU.ActiveCfg = Debug|Any CPU
		{EACABC9E-2B41-4E12-B279-0947AE012993}.Debug|Any CPU.Build.0 = Debug|Any CPU
		{EACABC9E-2B41-4E12-B279-0947AE012993}.Release|Any CPU.ActiveCfg = Release|Any CPU
		{EACABC9E-2B41-4E12-B279-0947AE012993}.Release|Any CPU.Build.0 = Release|Any CPU
		{81E6BABA-4DDB-43EC-B6B6-7761F2DAF727}.Debug|Any CPU.ActiveCfg = Debug|Any CPU
		{81E6BABA-4DDB-43EC-B6B6-7761F2DAF727}.Debug|Any CPU.Build.0 = Debug|Any CPU
		{81E6BABA-4DDB-43EC-B6B6-7761F2DAF727}.Release|Any CPU.ActiveCfg = Release|Any CPU
		{81E6BABA-4DDB-43EC-B6B6-7761F2DAF727}.Release|Any CPU.Build.0 = Release|Any CPU
		{792693C3-66DD-4E3B-B9A3-12EFB7ECB88C}.Debug|Any CPU.ActiveCfg = Debug|Any CPU
		{792693C3-66DD-4E3B-B9A3-12EFB7ECB88C}.Debug|Any CPU.Build.0 = Debug|Any CPU
		{792693C3-66DD-4E3B-B9A3-12EFB7ECB88C}.Release|Any CPU.ActiveCfg = Release|Any CPU
		{792693C3-66DD-4E3B-B9A3-12EFB7ECB88C}.Release|Any CPU.Build.0 = Release|Any CPU
		{0F5F171C-7DC8-4B45-96D4-0ED99F91BAEA}.Debug|Any CPU.ActiveCfg = Debug|Any CPU
		{0F5F171C-7DC8-4B45-96D4-0ED99F91BAEA}.Debug|Any CPU.Build.0 = Debug|Any CPU
		{0F5F171C-7DC8-4B45-96D4-0ED99F91BAEA}.Release|Any CPU.ActiveCfg = Release|Any CPU
		{0F5F171C-7DC8-4B45-96D4-0ED99F91BAEA}.Release|Any CPU.Build.0 = Release|Any CPU
		{08EF62D8-8E30-4CE4-B528-767F33255429}.Debug|Any CPU.ActiveCfg = Debug|Any CPU
		{08EF62D8-8E30-4CE4-B528-767F33255429}.Debug|Any CPU.Build.0 = Debug|Any CPU
		{08EF62D8-8E30-4CE4-B528-767F33255429}.Release|Any CPU.ActiveCfg = Release|Any CPU
		{08EF62D8-8E30-4CE4-B528-767F33255429}.Release|Any CPU.Build.0 = Release|Any CPU
		{72F4F476-3BF1-4BB4-A96B-F646E94D0FE8}.Debug|Any CPU.ActiveCfg = Debug|Any CPU
		{72F4F476-3BF1-4BB4-A96B-F646E94D0FE8}.Debug|Any CPU.Build.0 = Debug|Any CPU
		{72F4F476-3BF1-4BB4-A96B-F646E94D0FE8}.Release|Any CPU.ActiveCfg = Release|Any CPU
		{72F4F476-3BF1-4BB4-A96B-F646E94D0FE8}.Release|Any CPU.Build.0 = Release|Any CPU
		{34B50CA2-1F25-44B6-A394-CEE65B101257}.Debug|Any CPU.ActiveCfg = Debug|Any CPU
		{34B50CA2-1F25-44B6-A394-CEE65B101257}.Debug|Any CPU.Build.0 = Debug|Any CPU
		{34B50CA2-1F25-44B6-A394-CEE65B101257}.Release|Any CPU.ActiveCfg = Release|Any CPU
		{34B50CA2-1F25-44B6-A394-CEE65B101257}.Release|Any CPU.Build.0 = Release|Any CPU
		{D8701661-EC73-4AEB-89BC-821C190E04D0}.Debug|Any CPU.ActiveCfg = Debug|Any CPU
		{D8701661-EC73-4AEB-89BC-821C190E04D0}.Debug|Any CPU.Build.0 = Debug|Any CPU
		{D8701661-EC73-4AEB-89BC-821C190E04D0}.Release|Any CPU.ActiveCfg = Release|Any CPU
		{D8701661-EC73-4AEB-89BC-821C190E04D0}.Release|Any CPU.Build.0 = Release|Any CPU
		{7AF626B4-FC82-4E86-A719-7FA44CE9D513}.Debug|Any CPU.ActiveCfg = Debug|Any CPU
		{7AF626B4-FC82-4E86-A719-7FA44CE9D513}.Debug|Any CPU.Build.0 = Debug|Any CPU
		{7AF626B4-FC82-4E86-A719-7FA44CE9D513}.Release|Any CPU.ActiveCfg = Release|Any CPU
		{7AF626B4-FC82-4E86-A719-7FA44CE9D513}.Release|Any CPU.Build.0 = Release|Any CPU
		{8837807E-8CE6-4188-9FB5-3EB5B0306B9F}.Debug|Any CPU.ActiveCfg = Debug|Any CPU
		{8837807E-8CE6-4188-9FB5-3EB5B0306B9F}.Debug|Any CPU.Build.0 = Debug|Any CPU
		{8837807E-8CE6-4188-9FB5-3EB5B0306B9F}.Release|Any CPU.ActiveCfg = Release|Any CPU
		{8837807E-8CE6-4188-9FB5-3EB5B0306B9F}.Release|Any CPU.Build.0 = Release|Any CPU
	EndGlobalSection
	GlobalSection(NestedProjects) = preSolution
		{F9BA9291-33F9-4929-8CC3-7B533299C987} = {F23640EF-BF6E-493B-BEB1-1E174CB7F170}
		{EACABC9E-2B41-4E12-B279-0947AE012993} = {F9BA9291-33F9-4929-8CC3-7B533299C987}
		{81E6BABA-4DDB-43EC-B6B6-7761F2DAF727} = {F9BA9291-33F9-4929-8CC3-7B533299C987}
		{792693C3-66DD-4E3B-B9A3-12EFB7ECB88C} = {F9BA9291-33F9-4929-8CC3-7B533299C987}
		{DA44A210-2D23-4165-9896-9CF388D52C66} = {F9BA9291-33F9-4929-8CC3-7B533299C987}
		{0F5F171C-7DC8-4B45-96D4-0ED99F91BAEA} = {DA44A210-2D23-4165-9896-9CF388D52C66}
		{08EF62D8-8E30-4CE4-B528-767F33255429} = {DA44A210-2D23-4165-9896-9CF388D52C66}
		{72F4F476-3BF1-4BB4-A96B-F646E94D0FE8} = {F9BA9291-33F9-4929-8CC3-7B533299C987}
		{34B50CA2-1F25-44B6-A394-CEE65B101257} = {F9BA9291-33F9-4929-8CC3-7B533299C987}
		{D8701661-EC73-4AEB-89BC-821C190E04D0} = {F9BA9291-33F9-4929-8CC3-7B533299C987}
		{7AF626B4-FC82-4E86-A719-7FA44CE9D513} = {F9BA9291-33F9-4929-8CC3-7B533299C987}
		{8837807E-8CE6-4188-9FB5-3EB5B0306B9F} = {F9BA9291-33F9-4929-8CC3-7B533299C987}
	EndGlobalSection
EndGlobal
