
Microsoft Visual Studio Solution File, Format Version 12.00
# Visual Studio Version 17
VisualStudioVersion = 17.0.31903.59
MinimumVisualStudioVersion = 10.0.40219.1
Project("{2150E333-8FDC-42A3-9474-1A3956D46DE8}") = "src", "src", "{70E4B3DC-787A-4E18-860D-EC85A89F6CAE}"
EndProject
Project("{2150E333-8FDC-42A3-9474-1A3956D46DE8}") = "MessengerAPI", "MessengerAPI", "{F5A46804-A981-42FA-A6D1-606565C583E0}"
EndProject
Project("{FAE04EC0-301F-11D3-BF4B-00C04F79EFBC}") = "MessengerAPI.Application", "src\MessengerAPI\Application\MessengerAPI.Application.csproj", "{937DAF43-B93F-4E63-A189-861C3118C302}"
EndProject
Project("{FAE04EC0-301F-11D3-BF4B-00C04F79EFBC}") = "MessengerAPI.Contracts", "src\MessengerAPI\Contracts\MessengerAPI.Contracts.csproj", "{1519BCE1-960E-4676-97FA-EA06F806E597}"
EndProject
Project("{FAE04EC0-301F-11D3-BF4B-00C04F79EFBC}") = "MessengerAPI.Core", "src\MessengerAPI\Core\MessengerAPI.Core.csproj", "{1C900084-CD5F-4BB9-A0AF-AD1C333A4C6A}"
EndProject
Project("{FAE04EC0-301F-11D3-BF4B-00C04F79EFBC}") = "MessengerAPI.Data.Implementations", "src\MessengerAPI\Data.Implementations\MessengerAPI.Data.Implementations.csproj", "{42C2854C-05E3-4FEE-993F-A09A4EC4E39E}"
EndProject
Project("{FAE04EC0-301F-11D3-BF4B-00C04F79EFBC}") = "MessengerAPI.Data.Interfaces", "src\MessengerAPI\Data.Interfaces\MessengerAPI.Data.Interfaces.csproj", "{B735E609-3D2B-4D78-8D54-50AEF0FDC8BB}"
EndProject
Project("{FAE04EC0-301F-11D3-BF4B-00C04F79EFBC}") = "MessengerAPI.Domain", "src\MessengerAPI\Domain\MessengerAPI.Domain.csproj", "{389D211B-9B2F-4303-9579-43523DF8430E}"
EndProject
Project("{FAE04EC0-301F-11D3-BF4B-00C04F79EFBC}") = "MessengerAPI.Errors", "src\MessengerAPI\Errors\MessengerAPI.Errors.csproj", "{042E4E23-68B4-42DE-803F-22FED64193B1}"
EndProject
Project("{FAE04EC0-301F-11D3-BF4B-00C04F79EFBC}") = "MessengerAPI.Gateway", "src\MessengerAPI\Gateway\MessengerAPI.Gateway.csproj", "{801B4CD3-B1B3-4629-A670-F895E2EB9BAD}"
EndProject
Project("{FAE04EC0-301F-11D3-BF4B-00C04F79EFBC}") = "MessengerAPI.Infrastructure", "src\MessengerAPI\Infrastructure\MessengerAPI.Infrastructure.csproj", "{3AAB8FF6-2713-48A1-9AA3-50605C78B474}"
EndProject
Project("{FAE04EC0-301F-11D3-BF4B-00C04F79EFBC}") = "MessengerAPI.Presentation", "src\MessengerAPI\Presentation\MessengerAPI.Presentation.csproj", "{10776597-A420-4421-AABC-1AC775631780}"
EndProject
Global
	GlobalSection(SolutionConfigurationPlatforms) = preSolution
		Debug|Any CPU = Debug|Any CPU
		Release|Any CPU = Release|Any CPU
	EndGlobalSection
	GlobalSection(SolutionProperties) = preSolution
		HideSolutionNode = FALSE
	EndGlobalSection
	GlobalSection(ProjectConfigurationPlatforms) = postSolution
		{937DAF43-B93F-4E63-A189-861C3118C302}.Debug|Any CPU.ActiveCfg = Debug|Any CPU
		{937DAF43-B93F-4E63-A189-861C3118C302}.Debug|Any CPU.Build.0 = Debug|Any CPU
		{937DAF43-B93F-4E63-A189-861C3118C302}.Release|Any CPU.ActiveCfg = Release|Any CPU
		{937DAF43-B93F-4E63-A189-861C3118C302}.Release|Any CPU.Build.0 = Release|Any CPU
		{1519BCE1-960E-4676-97FA-EA06F806E597}.Debug|Any CPU.ActiveCfg = Debug|Any CPU
		{1519BCE1-960E-4676-97FA-EA06F806E597}.Debug|Any CPU.Build.0 = Debug|Any CPU
		{1519BCE1-960E-4676-97FA-EA06F806E597}.Release|Any CPU.ActiveCfg = Release|Any CPU
		{1519BCE1-960E-4676-97FA-EA06F806E597}.Release|Any CPU.Build.0 = Release|Any CPU
		{1C900084-CD5F-4BB9-A0AF-AD1C333A4C6A}.Debug|Any CPU.ActiveCfg = Debug|Any CPU
		{1C900084-CD5F-4BB9-A0AF-AD1C333A4C6A}.Debug|Any CPU.Build.0 = Debug|Any CPU
		{1C900084-CD5F-4BB9-A0AF-AD1C333A4C6A}.Release|Any CPU.ActiveCfg = Release|Any CPU
		{1C900084-CD5F-4BB9-A0AF-AD1C333A4C6A}.Release|Any CPU.Build.0 = Release|Any CPU
		{42C2854C-05E3-4FEE-993F-A09A4EC4E39E}.Debug|Any CPU.ActiveCfg = Debug|Any CPU
		{42C2854C-05E3-4FEE-993F-A09A4EC4E39E}.Debug|Any CPU.Build.0 = Debug|Any CPU
		{42C2854C-05E3-4FEE-993F-A09A4EC4E39E}.Release|Any CPU.ActiveCfg = Release|Any CPU
		{42C2854C-05E3-4FEE-993F-A09A4EC4E39E}.Release|Any CPU.Build.0 = Release|Any CPU
		{B735E609-3D2B-4D78-8D54-50AEF0FDC8BB}.Debug|Any CPU.ActiveCfg = Debug|Any CPU
		{B735E609-3D2B-4D78-8D54-50AEF0FDC8BB}.Debug|Any CPU.Build.0 = Debug|Any CPU
		{B735E609-3D2B-4D78-8D54-50AEF0FDC8BB}.Release|Any CPU.ActiveCfg = Release|Any CPU
		{B735E609-3D2B-4D78-8D54-50AEF0FDC8BB}.Release|Any CPU.Build.0 = Release|Any CPU
		{389D211B-9B2F-4303-9579-43523DF8430E}.Debug|Any CPU.ActiveCfg = Debug|Any CPU
		{389D211B-9B2F-4303-9579-43523DF8430E}.Debug|Any CPU.Build.0 = Debug|Any CPU
		{389D211B-9B2F-4303-9579-43523DF8430E}.Release|Any CPU.ActiveCfg = Release|Any CPU
		{389D211B-9B2F-4303-9579-43523DF8430E}.Release|Any CPU.Build.0 = Release|Any CPU
		{042E4E23-68B4-42DE-803F-22FED64193B1}.Debug|Any CPU.ActiveCfg = Debug|Any CPU
		{042E4E23-68B4-42DE-803F-22FED64193B1}.Debug|Any CPU.Build.0 = Debug|Any CPU
		{042E4E23-68B4-42DE-803F-22FED64193B1}.Release|Any CPU.ActiveCfg = Release|Any CPU
		{042E4E23-68B4-42DE-803F-22FED64193B1}.Release|Any CPU.Build.0 = Release|Any CPU
		{801B4CD3-B1B3-4629-A670-F895E2EB9BAD}.Debug|Any CPU.ActiveCfg = Debug|Any CPU
		{801B4CD3-B1B3-4629-A670-F895E2EB9BAD}.Debug|Any CPU.Build.0 = Debug|Any CPU
		{801B4CD3-B1B3-4629-A670-F895E2EB9BAD}.Release|Any CPU.ActiveCfg = Release|Any CPU
		{801B4CD3-B1B3-4629-A670-F895E2EB9BAD}.Release|Any CPU.Build.0 = Release|Any CPU
		{3AAB8FF6-2713-48A1-9AA3-50605C78B474}.Debug|Any CPU.ActiveCfg = Debug|Any CPU
		{3AAB8FF6-2713-48A1-9AA3-50605C78B474}.Debug|Any CPU.Build.0 = Debug|Any CPU
		{3AAB8FF6-2713-48A1-9AA3-50605C78B474}.Release|Any CPU.ActiveCfg = Release|Any CPU
		{3AAB8FF6-2713-48A1-9AA3-50605C78B474}.Release|Any CPU.Build.0 = Release|Any CPU
		{10776597-A420-4421-AABC-1AC775631780}.Debug|Any CPU.ActiveCfg = Debug|Any CPU
		{10776597-A420-4421-AABC-1AC775631780}.Debug|Any CPU.Build.0 = Debug|Any CPU
		{10776597-A420-4421-AABC-1AC775631780}.Release|Any CPU.ActiveCfg = Release|Any CPU
		{10776597-A420-4421-AABC-1AC775631780}.Release|Any CPU.Build.0 = Release|Any CPU
	EndGlobalSection
	GlobalSection(NestedProjects) = preSolution
		{F5A46804-A981-42FA-A6D1-606565C583E0} = {70E4B3DC-787A-4E18-860D-EC85A89F6CAE}
		{937DAF43-B93F-4E63-A189-861C3118C302} = {F5A46804-A981-42FA-A6D1-606565C583E0}
		{1519BCE1-960E-4676-97FA-EA06F806E597} = {F5A46804-A981-42FA-A6D1-606565C583E0}
		{1C900084-CD5F-4BB9-A0AF-AD1C333A4C6A} = {F5A46804-A981-42FA-A6D1-606565C583E0}
		{42C2854C-05E3-4FEE-993F-A09A4EC4E39E} = {F5A46804-A981-42FA-A6D1-606565C583E0}
		{B735E609-3D2B-4D78-8D54-50AEF0FDC8BB} = {F5A46804-A981-42FA-A6D1-606565C583E0}
		{389D211B-9B2F-4303-9579-43523DF8430E} = {F5A46804-A981-42FA-A6D1-606565C583E0}
		{042E4E23-68B4-42DE-803F-22FED64193B1} = {F5A46804-A981-42FA-A6D1-606565C583E0}
		{801B4CD3-B1B3-4629-A670-F895E2EB9BAD} = {F5A46804-A981-42FA-A6D1-606565C583E0}
		{3AAB8FF6-2713-48A1-9AA3-50605C78B474} = {F5A46804-A981-42FA-A6D1-606565C583E0}
		{10776597-A420-4421-AABC-1AC775631780} = {F5A46804-A981-42FA-A6D1-606565C583E0}
	EndGlobalSection
EndGlobal
