
Microsoft Visual Studio Solution File, Format Version 12.00
# Visual Studio Version 17
VisualStudioVersion = 17.0.31903.59
MinimumVisualStudioVersion = 10.0.40219.1
Project("{2150E333-8FDC-42A3-9474-1A3956D46DE8}") = "src", "src", "{41E8A23F-9FA3-4276-9EA7-C649F9C92D41}"
EndProject
Project("{FAE04EC0-301F-11D3-BF4B-00C04F79EFBC}") = "MessengerAPI.Application", "src\MessengerAPI.Application\MessengerAPI.Application.csproj", "{AED67A5D-7B95-4DA0-9F65-B952DEB76E5F}"
EndProject
Project("{FAE04EC0-301F-11D3-BF4B-00C04F79EFBC}") = "MessengerAPI.Infrastructure", "src\MessengerAPI.Infrastructure\MessengerAPI.Infrastructure.csproj", "{3B274DD4-0564-49FF-A887-EE082ECB34C6}"
EndProject
Project("{FAE04EC0-301F-11D3-BF4B-00C04F79EFBC}") = "MessengerAPI.Presentation", "src\MessengerAPI.Presentation\MessengerAPI.Presentation.csproj", "{49BB959B-2C44-42DF-A4C7-98108F7B4FE3}"
EndProject
Project("{FAE04EC0-301F-11D3-BF4B-00C04F79EFBC}") = "MessengerAPI.Contracts", "src\MessengerAPI.Contracts\MessengerAPI.Contracts.csproj", "{82AE1EF4-1E3D-4E42-8F74-BE72240D7446}"
EndProject
Project("{FAE04EC0-301F-11D3-BF4B-00C04F79EFBC}") = "MessengerAPI.Data", "src\MessengerAPI.Data\MessengerAPI.Data.csproj", "{1D58C285-3A94-4A82-855E-173492EA594D}"
EndProject
Project("{FAE04EC0-301F-11D3-BF4B-00C04F79EFBC}") = "MessengerAPI.Errors", "src\MessengerAPI.Errors\MessengerAPI.Errors.csproj", "{74496ABE-5CF5-4CBE-A24E-3604C0E25FDD}"
EndProject
Project("{FAE04EC0-301F-11D3-BF4B-00C04F79EFBC}") = "MessengerAPI.Core", "src\MessengerAPI.Core\MessengerAPI.Core.csproj", "{2EB92AFC-C422-456A-B057-C6F1A6648F7A}"
EndProject
Project("{FAE04EC0-301F-11D3-BF4B-00C04F79EFBC}") = "MessengerAPI.Domain", "src\MessengerAPI.Domain\MessengerAPI.Domain.csproj", "{5DE46882-7B4A-43D4-B123-8E1A9C6435F0}"
EndProject
Global
	GlobalSection(SolutionConfigurationPlatforms) = preSolution
		Debug|Any CPU = Debug|Any CPU
		Release|Any CPU = Release|Any CPU
	EndGlobalSection
	GlobalSection(SolutionProperties) = preSolution
		HideSolutionNode = FALSE
	EndGlobalSection
	GlobalSection(ProjectConfigurationPlatforms) = postSolution
		{AED67A5D-7B95-4DA0-9F65-B952DEB76E5F}.Debug|Any CPU.ActiveCfg = Debug|Any CPU
		{AED67A5D-7B95-4DA0-9F65-B952DEB76E5F}.Debug|Any CPU.Build.0 = Debug|Any CPU
		{AED67A5D-7B95-4DA0-9F65-B952DEB76E5F}.Release|Any CPU.ActiveCfg = Release|Any CPU
		{AED67A5D-7B95-4DA0-9F65-B952DEB76E5F}.Release|Any CPU.Build.0 = Release|Any CPU
		{3B274DD4-0564-49FF-A887-EE082ECB34C6}.Debug|Any CPU.ActiveCfg = Debug|Any CPU
		{3B274DD4-0564-49FF-A887-EE082ECB34C6}.Debug|Any CPU.Build.0 = Debug|Any CPU
		{3B274DD4-0564-49FF-A887-EE082ECB34C6}.Release|Any CPU.ActiveCfg = Release|Any CPU
		{3B274DD4-0564-49FF-A887-EE082ECB34C6}.Release|Any CPU.Build.0 = Release|Any CPU
		{49BB959B-2C44-42DF-A4C7-98108F7B4FE3}.Debug|Any CPU.ActiveCfg = Debug|Any CPU
		{49BB959B-2C44-42DF-A4C7-98108F7B4FE3}.Debug|Any CPU.Build.0 = Debug|Any CPU
		{49BB959B-2C44-42DF-A4C7-98108F7B4FE3}.Release|Any CPU.ActiveCfg = Release|Any CPU
		{49BB959B-2C44-42DF-A4C7-98108F7B4FE3}.Release|Any CPU.Build.0 = Release|Any CPU
		{82AE1EF4-1E3D-4E42-8F74-BE72240D7446}.Debug|Any CPU.ActiveCfg = Debug|Any CPU
		{82AE1EF4-1E3D-4E42-8F74-BE72240D7446}.Debug|Any CPU.Build.0 = Debug|Any CPU
		{82AE1EF4-1E3D-4E42-8F74-BE72240D7446}.Release|Any CPU.ActiveCfg = Release|Any CPU
		{82AE1EF4-1E3D-4E42-8F74-BE72240D7446}.Release|Any CPU.Build.0 = Release|Any CPU
		{1D58C285-3A94-4A82-855E-173492EA594D}.Debug|Any CPU.ActiveCfg = Debug|Any CPU
		{1D58C285-3A94-4A82-855E-173492EA594D}.Debug|Any CPU.Build.0 = Debug|Any CPU
		{1D58C285-3A94-4A82-855E-173492EA594D}.Release|Any CPU.ActiveCfg = Release|Any CPU
		{1D58C285-3A94-4A82-855E-173492EA594D}.Release|Any CPU.Build.0 = Release|Any CPU
		{74496ABE-5CF5-4CBE-A24E-3604C0E25FDD}.Debug|Any CPU.ActiveCfg = Debug|Any CPU
		{74496ABE-5CF5-4CBE-A24E-3604C0E25FDD}.Debug|Any CPU.Build.0 = Debug|Any CPU
		{74496ABE-5CF5-4CBE-A24E-3604C0E25FDD}.Release|Any CPU.ActiveCfg = Release|Any CPU
		{74496ABE-5CF5-4CBE-A24E-3604C0E25FDD}.Release|Any CPU.Build.0 = Release|Any CPU
		{2EB92AFC-C422-456A-B057-C6F1A6648F7A}.Debug|Any CPU.ActiveCfg = Debug|Any CPU
		{2EB92AFC-C422-456A-B057-C6F1A6648F7A}.Debug|Any CPU.Build.0 = Debug|Any CPU
		{2EB92AFC-C422-456A-B057-C6F1A6648F7A}.Release|Any CPU.ActiveCfg = Release|Any CPU
		{2EB92AFC-C422-456A-B057-C6F1A6648F7A}.Release|Any CPU.Build.0 = Release|Any CPU
		{5DE46882-7B4A-43D4-B123-8E1A9C6435F0}.Debug|Any CPU.ActiveCfg = Debug|Any CPU
		{5DE46882-7B4A-43D4-B123-8E1A9C6435F0}.Debug|Any CPU.Build.0 = Debug|Any CPU
		{5DE46882-7B4A-43D4-B123-8E1A9C6435F0}.Release|Any CPU.ActiveCfg = Release|Any CPU
		{5DE46882-7B4A-43D4-B123-8E1A9C6435F0}.Release|Any CPU.Build.0 = Release|Any CPU
	EndGlobalSection
	GlobalSection(NestedProjects) = preSolution
		{AED67A5D-7B95-4DA0-9F65-B952DEB76E5F} = {41E8A23F-9FA3-4276-9EA7-C649F9C92D41}
		{3B274DD4-0564-49FF-A887-EE082ECB34C6} = {41E8A23F-9FA3-4276-9EA7-C649F9C92D41}
		{49BB959B-2C44-42DF-A4C7-98108F7B4FE3} = {41E8A23F-9FA3-4276-9EA7-C649F9C92D41}
		{82AE1EF4-1E3D-4E42-8F74-BE72240D7446} = {41E8A23F-9FA3-4276-9EA7-C649F9C92D41}
		{1D58C285-3A94-4A82-855E-173492EA594D} = {41E8A23F-9FA3-4276-9EA7-C649F9C92D41}
		{74496ABE-5CF5-4CBE-A24E-3604C0E25FDD} = {41E8A23F-9FA3-4276-9EA7-C649F9C92D41}
		{2EB92AFC-C422-456A-B057-C6F1A6648F7A} = {41E8A23F-9FA3-4276-9EA7-C649F9C92D41}
		{5DE46882-7B4A-43D4-B123-8E1A9C6435F0} = {41E8A23F-9FA3-4276-9EA7-C649F9C92D41}
	EndGlobalSection
EndGlobal
