
Microsoft Visual Studio Solution File, Format Version 12.00
# Visual Studio Version 17
VisualStudioVersion = 17.0.31903.59
MinimumVisualStudioVersion = 10.0.40219.1
Project("{2150E333-8FDC-42A3-9474-1A3956D46DE8}") = "src", "src", "{AAE28AEC-98B1-4F99-84C4-767AFF193DE0}"
EndProject
Project("{2150E333-8FDC-42A3-9474-1A3956D46DE8}") = "Messenger", "Messenger", "{6F3F21F7-371D-4370-8311-EB623ACCAC2B}"
EndProject
Project("{FAE04EC0-301F-11D3-BF4B-00C04F79EFBC}") = "Messenger.ApiErrors", "src\Messenger\ApiErrors\Messenger.ApiErrors.csproj", "{E6A92B79-2F0A-486E-82D5-A90B8CC3B393}"
EndProject
Project("{FAE04EC0-301F-11D3-BF4B-00C04F79EFBC}") = "Messenger.Application", "src\Messenger\Application\Messenger.Application.csproj", "{1C7E9F90-EF01-4DA1-B7EE-208FF5D34D8F}"
EndProject
Project("{FAE04EC0-301F-11D3-BF4B-00C04F79EFBC}") = "Messenger.Contracts", "src\Messenger\Contracts\Messenger.Contracts.csproj", "{E5E6D322-6B7A-4BB5-9A3A-AD43B46DCFEF}"
EndProject
Project("{FAE04EC0-301F-11D3-BF4B-00C04F79EFBC}") = "Messenger.Core", "src\Messenger\Core\Messenger.Core.csproj", "{42CE0B51-2394-4570-91E1-E277EEF7F02C}"
EndProject
Project("{2150E333-8FDC-42A3-9474-1A3956D46DE8}") = "Data", "Data", "{319DD58A-431A-4A46-9D20-E1B88CCC5FDB}"
EndProject
Project("{FAE04EC0-301F-11D3-BF4B-00C04F79EFBC}") = "Messenger.Data.Interfaces", "src\Messenger\Data\Interfaces\Messenger.Data.Interfaces.csproj", "{5A6A5F7F-CE92-4D19-9253-8A09AD1C6DF8}"
EndProject
Project("{FAE04EC0-301F-11D3-BF4B-00C04F79EFBC}") = "Messenger.Data.Scylla", "src\Messenger\Data\Scylla\Messenger.Data.Scylla.csproj", "{2661623E-B4F0-4667-A388-34117E424B4E}"
EndProject
Project("{FAE04EC0-301F-11D3-BF4B-00C04F79EFBC}") = "Messenger.Domain", "src\Messenger\Domain\Messenger.Domain.csproj", "{34FBDC37-9342-44C1-B2DE-44E9047F31D8}"
EndProject
Project("{FAE04EC0-301F-11D3-BF4B-00C04F79EFBC}") = "Messenger.Gateway", "src\Messenger\Gateway\Messenger.Gateway.csproj", "{A3C0B21F-2C38-4086-B7E2-E73C305C51E2}"
EndProject
Project("{FAE04EC0-301F-11D3-BF4B-00C04F79EFBC}") = "Messenger.Infrastructure", "src\Messenger\Infrastructure\Messenger.Infrastructure.csproj", "{C9C4E3DA-6ACD-45DD-BD6C-FEDD09C6C204}"
EndProject
Project("{FAE04EC0-301F-11D3-BF4B-00C04F79EFBC}") = "Messenger.Presentation", "src\Messenger\Presentation\Messenger.Presentation.csproj", "{B1A2787A-E19D-48DA-A5AF-842A53A073B2}"
EndProject
Project("{FAE04EC0-301F-11D3-BF4B-00C04F79EFBC}") = "Messenger.Options", "src\Messenger\Options\Messenger.Options.csproj", "{7CEF9ABF-D030-403B-B8E5-5720B4CD4625}"
EndProject
Global
	GlobalSection(SolutionConfigurationPlatforms) = preSolution
		Debug|Any CPU = Debug|Any CPU
		Release|Any CPU = Release|Any CPU
	EndGlobalSection
	GlobalSection(SolutionProperties) = preSolution
		HideSolutionNode = FALSE
	EndGlobalSection
	GlobalSection(ProjectConfigurationPlatforms) = postSolution
		{E6A92B79-2F0A-486E-82D5-A90B8CC3B393}.Debug|Any CPU.ActiveCfg = Debug|Any CPU
		{E6A92B79-2F0A-486E-82D5-A90B8CC3B393}.Debug|Any CPU.Build.0 = Debug|Any CPU
		{E6A92B79-2F0A-486E-82D5-A90B8CC3B393}.Release|Any CPU.ActiveCfg = Release|Any CPU
		{E6A92B79-2F0A-486E-82D5-A90B8CC3B393}.Release|Any CPU.Build.0 = Release|Any CPU
		{1C7E9F90-EF01-4DA1-B7EE-208FF5D34D8F}.Debug|Any CPU.ActiveCfg = Debug|Any CPU
		{1C7E9F90-EF01-4DA1-B7EE-208FF5D34D8F}.Debug|Any CPU.Build.0 = Debug|Any CPU
		{1C7E9F90-EF01-4DA1-B7EE-208FF5D34D8F}.Release|Any CPU.ActiveCfg = Release|Any CPU
		{1C7E9F90-EF01-4DA1-B7EE-208FF5D34D8F}.Release|Any CPU.Build.0 = Release|Any CPU
		{E5E6D322-6B7A-4BB5-9A3A-AD43B46DCFEF}.Debug|Any CPU.ActiveCfg = Debug|Any CPU
		{E5E6D322-6B7A-4BB5-9A3A-AD43B46DCFEF}.Debug|Any CPU.Build.0 = Debug|Any CPU
		{E5E6D322-6B7A-4BB5-9A3A-AD43B46DCFEF}.Release|Any CPU.ActiveCfg = Release|Any CPU
		{E5E6D322-6B7A-4BB5-9A3A-AD43B46DCFEF}.Release|Any CPU.Build.0 = Release|Any CPU
		{42CE0B51-2394-4570-91E1-E277EEF7F02C}.Debug|Any CPU.ActiveCfg = Debug|Any CPU
		{42CE0B51-2394-4570-91E1-E277EEF7F02C}.Debug|Any CPU.Build.0 = Debug|Any CPU
		{42CE0B51-2394-4570-91E1-E277EEF7F02C}.Release|Any CPU.ActiveCfg = Release|Any CPU
		{42CE0B51-2394-4570-91E1-E277EEF7F02C}.Release|Any CPU.Build.0 = Release|Any CPU
		{5A6A5F7F-CE92-4D19-9253-8A09AD1C6DF8}.Debug|Any CPU.ActiveCfg = Debug|Any CPU
		{5A6A5F7F-CE92-4D19-9253-8A09AD1C6DF8}.Debug|Any CPU.Build.0 = Debug|Any CPU
		{5A6A5F7F-CE92-4D19-9253-8A09AD1C6DF8}.Release|Any CPU.ActiveCfg = Release|Any CPU
		{5A6A5F7F-CE92-4D19-9253-8A09AD1C6DF8}.Release|Any CPU.Build.0 = Release|Any CPU
		{2661623E-B4F0-4667-A388-34117E424B4E}.Debug|Any CPU.ActiveCfg = Debug|Any CPU
		{2661623E-B4F0-4667-A388-34117E424B4E}.Debug|Any CPU.Build.0 = Debug|Any CPU
		{2661623E-B4F0-4667-A388-34117E424B4E}.Release|Any CPU.ActiveCfg = Release|Any CPU
		{2661623E-B4F0-4667-A388-34117E424B4E}.Release|Any CPU.Build.0 = Release|Any CPU
		{34FBDC37-9342-44C1-B2DE-44E9047F31D8}.Debug|Any CPU.ActiveCfg = Debug|Any CPU
		{34FBDC37-9342-44C1-B2DE-44E9047F31D8}.Debug|Any CPU.Build.0 = Debug|Any CPU
		{34FBDC37-9342-44C1-B2DE-44E9047F31D8}.Release|Any CPU.ActiveCfg = Release|Any CPU
		{34FBDC37-9342-44C1-B2DE-44E9047F31D8}.Release|Any CPU.Build.0 = Release|Any CPU
		{A3C0B21F-2C38-4086-B7E2-E73C305C51E2}.Debug|Any CPU.ActiveCfg = Debug|Any CPU
		{A3C0B21F-2C38-4086-B7E2-E73C305C51E2}.Debug|Any CPU.Build.0 = Debug|Any CPU
		{A3C0B21F-2C38-4086-B7E2-E73C305C51E2}.Release|Any CPU.ActiveCfg = Release|Any CPU
		{A3C0B21F-2C38-4086-B7E2-E73C305C51E2}.Release|Any CPU.Build.0 = Release|Any CPU
		{C9C4E3DA-6ACD-45DD-BD6C-FEDD09C6C204}.Debug|Any CPU.ActiveCfg = Debug|Any CPU
		{C9C4E3DA-6ACD-45DD-BD6C-FEDD09C6C204}.Debug|Any CPU.Build.0 = Debug|Any CPU
		{C9C4E3DA-6ACD-45DD-BD6C-FEDD09C6C204}.Release|Any CPU.ActiveCfg = Release|Any CPU
		{C9C4E3DA-6ACD-45DD-BD6C-FEDD09C6C204}.Release|Any CPU.Build.0 = Release|Any CPU
		{B1A2787A-E19D-48DA-A5AF-842A53A073B2}.Debug|Any CPU.ActiveCfg = Debug|Any CPU
		{B1A2787A-E19D-48DA-A5AF-842A53A073B2}.Debug|Any CPU.Build.0 = Debug|Any CPU
		{B1A2787A-E19D-48DA-A5AF-842A53A073B2}.Release|Any CPU.ActiveCfg = Release|Any CPU
		{B1A2787A-E19D-48DA-A5AF-842A53A073B2}.Release|Any CPU.Build.0 = Release|Any CPU
		{7CEF9ABF-D030-403B-B8E5-5720B4CD4625}.Debug|Any CPU.ActiveCfg = Debug|Any CPU
		{7CEF9ABF-D030-403B-B8E5-5720B4CD4625}.Debug|Any CPU.Build.0 = Debug|Any CPU
		{7CEF9ABF-D030-403B-B8E5-5720B4CD4625}.Release|Any CPU.ActiveCfg = Release|Any CPU
		{7CEF9ABF-D030-403B-B8E5-5720B4CD4625}.Release|Any CPU.Build.0 = Release|Any CPU
	EndGlobalSection
	GlobalSection(NestedProjects) = preSolution
		{6F3F21F7-371D-4370-8311-EB623ACCAC2B} = {AAE28AEC-98B1-4F99-84C4-767AFF193DE0}
		{E6A92B79-2F0A-486E-82D5-A90B8CC3B393} = {6F3F21F7-371D-4370-8311-EB623ACCAC2B}
		{1C7E9F90-EF01-4DA1-B7EE-208FF5D34D8F} = {6F3F21F7-371D-4370-8311-EB623ACCAC2B}
		{E5E6D322-6B7A-4BB5-9A3A-AD43B46DCFEF} = {6F3F21F7-371D-4370-8311-EB623ACCAC2B}
		{42CE0B51-2394-4570-91E1-E277EEF7F02C} = {6F3F21F7-371D-4370-8311-EB623ACCAC2B}
		{319DD58A-431A-4A46-9D20-E1B88CCC5FDB} = {6F3F21F7-371D-4370-8311-EB623ACCAC2B}
		{5A6A5F7F-CE92-4D19-9253-8A09AD1C6DF8} = {319DD58A-431A-4A46-9D20-E1B88CCC5FDB}
		{2661623E-B4F0-4667-A388-34117E424B4E} = {319DD58A-431A-4A46-9D20-E1B88CCC5FDB}
		{34FBDC37-9342-44C1-B2DE-44E9047F31D8} = {6F3F21F7-371D-4370-8311-EB623ACCAC2B}
		{A3C0B21F-2C38-4086-B7E2-E73C305C51E2} = {6F3F21F7-371D-4370-8311-EB623ACCAC2B}
		{C9C4E3DA-6ACD-45DD-BD6C-FEDD09C6C204} = {6F3F21F7-371D-4370-8311-EB623ACCAC2B}
		{B1A2787A-E19D-48DA-A5AF-842A53A073B2} = {6F3F21F7-371D-4370-8311-EB623ACCAC2B}
		{7CEF9ABF-D030-403B-B8E5-5720B4CD4625} = {6F3F21F7-371D-4370-8311-EB623ACCAC2B}
	EndGlobalSection
EndGlobal
